
Microsoft Visual Studio Solution File, Format Version 12.00
# Visual Studio 14
VisualStudioVersion = 14.0.24720.0
MinimumVisualStudioVersion = 10.0.40219.1
Project("{FAE04EC0-301F-11D3-BF4B-00C04F79EFBC}") = "Demo 4 Koti", "Demo 4 Koti\Demo 4 Koti.csproj", "{E77FA5FF-414A-49DF-A870-15D8883A9C6D}"
EndProject
Project("{FAE04EC0-301F-11D3-BF4B-00C04F79EFBC}") = "Teht 7", "Teht 7\Teht 7.csproj", "{020F0A6B-FADA-4115-A31E-499260B32CAE}"
EndProject
Project("{FAE04EC0-301F-11D3-BF4B-00C04F79EFBC}") = "Teht 5", "Teht 5\Teht 5.csproj", "{12B9519D-1A4E-49EE-9B77-432FA96298A4}"
EndProject
Global
	GlobalSection(SolutionConfigurationPlatforms) = preSolution
		Debug|Any CPU = Debug|Any CPU
		Release|Any CPU = Release|Any CPU
	EndGlobalSection
	GlobalSection(ProjectConfigurationPlatforms) = postSolution
		{E77FA5FF-414A-49DF-A870-15D8883A9C6D}.Debug|Any CPU.ActiveCfg = Debug|Any CPU
		{E77FA5FF-414A-49DF-A870-15D8883A9C6D}.Debug|Any CPU.Build.0 = Debug|Any CPU
		{E77FA5FF-414A-49DF-A870-15D8883A9C6D}.Release|Any CPU.ActiveCfg = Release|Any CPU
		{E77FA5FF-414A-49DF-A870-15D8883A9C6D}.Release|Any CPU.Build.0 = Release|Any CPU
		{020F0A6B-FADA-4115-A31E-499260B32CAE}.Debug|Any CPU.ActiveCfg = Debug|Any CPU
		{020F0A6B-FADA-4115-A31E-499260B32CAE}.Debug|Any CPU.Build.0 = Debug|Any CPU
		{020F0A6B-FADA-4115-A31E-499260B32CAE}.Release|Any CPU.ActiveCfg = Release|Any CPU
		{020F0A6B-FADA-4115-A31E-499260B32CAE}.Release|Any CPU.Build.0 = Release|Any CPU
		{12B9519D-1A4E-49EE-9B77-432FA96298A4}.Debug|Any CPU.ActiveCfg = Debug|Any CPU
		{12B9519D-1A4E-49EE-9B77-432FA96298A4}.Debug|Any CPU.Build.0 = Debug|Any CPU
		{12B9519D-1A4E-49EE-9B77-432FA96298A4}.Release|Any CPU.ActiveCfg = Release|Any CPU
		{12B9519D-1A4E-49EE-9B77-432FA96298A4}.Release|Any CPU.Build.0 = Release|Any CPU
	EndGlobalSection
	GlobalSection(SolutionProperties) = preSolution
		HideSolutionNode = FALSE
	EndGlobalSection
EndGlobal
